// !$*UTF8*$!
{
	archiveVersion = 1;
	classes = {
	};
	objectVersion = 56;
	objects = {

/* Begin PBXBuildFile section */
		9C3326632CD8EDDD008F65A8 /* TextFieldSecure.swift in Sources */ = {isa = PBXBuildFile; fileRef = 9C3326622CD8EDDD008F65A8 /* TextFieldSecure.swift */; };
		9C3326652CD8EF7D008F65A8 /* MainTextTitle.swift in Sources */ = {isa = PBXBuildFile; fileRef = 9C3326642CD8EF7D008F65A8 /* MainTextTitle.swift */; };
		9C3326672CD8F742008F65A8 /* NavigationButton.swift in Sources */ = {isa = PBXBuildFile; fileRef = 9C3326662CD8F742008F65A8 /* NavigationButton.swift */; };
		9C3326692CD91BDF008F65A8 /* ButtonGame.swift in Sources */ = {isa = PBXBuildFile; fileRef = 9C3326682CD91BDF008F65A8 /* ButtonGame.swift */; };
		9C89FF052CCECC5400686E49 /* CardViewBig.swift in Sources */ = {isa = PBXBuildFile; fileRef = 9C89FF042CCECC5400686E49 /* CardViewBig.swift */; };
		9C89FF072CCF9D2800686E49 /* CardViewEnemyBig.swift in Sources */ = {isa = PBXBuildFile; fileRef = 9C89FF062CCF9D2800686E49 /* CardViewEnemyBig.swift */; };
		9CD413D22CC410810002629B /* CardGameEndviewApp.swift in Sources */ = {isa = PBXBuildFile; fileRef = 9CD413D12CC410810002629B /* CardGameEndviewApp.swift */; };
		9CD413D62CC410820002629B /* Assets.xcassets in Resources */ = {isa = PBXBuildFile; fileRef = 9CD413D52CC410820002629B /* Assets.xcassets */; };
		9CD413D92CC410820002629B /* Preview Assets.xcassets in Resources */ = {isa = PBXBuildFile; fileRef = 9CD413D82CC410820002629B /* Preview Assets.xcassets */; };
		9CD413E32CC410820002629B /* CardGameEndviewTests.swift in Sources */ = {isa = PBXBuildFile; fileRef = 9CD413E22CC410820002629B /* CardGameEndviewTests.swift */; };
		9CD413ED2CC410820002629B /* CardGameEndviewUITests.swift in Sources */ = {isa = PBXBuildFile; fileRef = 9CD413EC2CC410820002629B /* CardGameEndviewUITests.swift */; };
		9CD413EF2CC410820002629B /* CardGameEndviewUITestsLaunchTests.swift in Sources */ = {isa = PBXBuildFile; fileRef = 9CD413EE2CC410820002629B /* CardGameEndviewUITestsLaunchTests.swift */; };
		9CD413FF2CC4119D0002629B /* Card.swift in Sources */ = {isa = PBXBuildFile; fileRef = 9CD413FE2CC4119D0002629B /* Card.swift */; };
		9CD414012CC415580002629B /* LoginView.swift in Sources */ = {isa = PBXBuildFile; fileRef = 9CD414002CC415580002629B /* LoginView.swift */; };
		9CD414032CC418370002629B /* GameView.swift in Sources */ = {isa = PBXBuildFile; fileRef = 9CD414022CC418370002629B /* GameView.swift */; };
		9CD414052CC418540002629B /* LoggedInView.swift in Sources */ = {isa = PBXBuildFile; fileRef = 9CD414042CC418540002629B /* LoggedInView.swift */; };
		9CD4143F2CC5A7760002629B /* CardDeck.swift in Sources */ = {isa = PBXBuildFile; fileRef = 9CD4143E2CC5A7760002629B /* CardDeck.swift */; };
		9CD414412CC5A8030002629B /* Game.swift in Sources */ = {isa = PBXBuildFile; fileRef = 9CD414402CC5A8030002629B /* Game.swift */; };
		9CD414462CC654070002629B /* CardView.swift in Sources */ = {isa = PBXBuildFile; fileRef = 9CD414452CC654070002629B /* CardView.swift */; };
		9CD6C71D2CD24FAF0034633A /* DbConnection.swift in Sources */ = {isa = PBXBuildFile; fileRef = 9CD6C71C2CD24FAF0034633A /* DbConnection.swift */; };
		9CD6C7212CD25BA90034633A /* ContentView.swift in Sources */ = {isa = PBXBuildFile; fileRef = 9CD6C7202CD25BA90034633A /* ContentView.swift */; };
		9CD6C7232CD29FFA0034633A /* RegisterView.swift in Sources */ = {isa = PBXBuildFile; fileRef = 9CD6C7222CD29FFA0034633A /* RegisterView.swift */; };
		9CD6C7252CD2A66F0034633A /* PlayerCard.swift in Sources */ = {isa = PBXBuildFile; fileRef = 9CD6C7242CD2A66F0034633A /* PlayerCard.swift */; };
		9CD6C7272CD2ABDE0034633A /* HighscoreView.swift in Sources */ = {isa = PBXBuildFile; fileRef = 9CD6C7262CD2ABDE0034633A /* HighscoreView.swift */; };
		9CD6C7292CD2B0C50034633A /* PlayerData.swift in Sources */ = {isa = PBXBuildFile; fileRef = 9CD6C7282CD2B0C50034633A /* PlayerData.swift */; };
		9CD6C72B2CD38AFB0034633A /* OnlineGame.swift in Sources */ = {isa = PBXBuildFile; fileRef = 9CD6C72A2CD38AFB0034633A /* OnlineGame.swift */; };
		9CDFAAEA2CD15BE500449625 /* CardViewEnemy.swift in Sources */ = {isa = PBXBuildFile; fileRef = 9CDFAAE92CD15BE500449625 /* CardViewEnemy.swift */; };
		9CDFAAEC2CD1A55600449625 /* GoogleService-Info.plist in Resources */ = {isa = PBXBuildFile; fileRef = 9CDFAAEB2CD1A55600449625 /* GoogleService-Info.plist */; };
		9CDFAAEF2CD1A66B00449625 /* FirebaseAuth in Frameworks */ = {isa = PBXBuildFile; productRef = 9CDFAAEE2CD1A66B00449625 /* FirebaseAuth */; };
		9CDFAAF12CD1A66B00449625 /* FirebaseAuthCombine-Community in Frameworks */ = {isa = PBXBuildFile; productRef = 9CDFAAF02CD1A66B00449625 /* FirebaseAuthCombine-Community */; };
		9CDFAAF32CD1A66B00449625 /* FirebaseFirestore in Frameworks */ = {isa = PBXBuildFile; productRef = 9CDFAAF22CD1A66B00449625 /* FirebaseFirestore */; };
		9CDFAAF52CD1A66B00449625 /* FirebaseFirestoreCombine-Community in Frameworks */ = {isa = PBXBuildFile; productRef = 9CDFAAF42CD1A66B00449625 /* FirebaseFirestoreCombine-Community */; };
		9CDFAAF72CD1A66B00449625 /* FirebaseStorage in Frameworks */ = {isa = PBXBuildFile; productRef = 9CDFAAF62CD1A66B00449625 /* FirebaseStorage */; };
		9CDFAAF92CD1A66B00449625 /* FirebaseStorageCombine-Community in Frameworks */ = {isa = PBXBuildFile; productRef = 9CDFAAF82CD1A66B00449625 /* FirebaseStorageCombine-Community */; };
		9CE44AFC2CD832AC000941C3 /* ButtonMainMenu.swift in Sources */ = {isa = PBXBuildFile; fileRef = 9CE44AFB2CD832AC000941C3 /* ButtonMainMenu.swift */; };
		9CE44B002CD8E7B2000941C3 /* Background.swift in Sources */ = {isa = PBXBuildFile; fileRef = 9CE44AFF2CD8E7B2000941C3 /* Background.swift */; };
		9CE44B022CD8E8FB000941C3 /* TextFieldNormal.swift in Sources */ = {isa = PBXBuildFile; fileRef = 9CE44B012CD8E8FB000941C3 /* TextFieldNormal.swift */; };
/* End PBXBuildFile section */

/* Begin PBXContainerItemProxy section */
		9CD413DF2CC410820002629B /* PBXContainerItemProxy */ = {
			isa = PBXContainerItemProxy;
			containerPortal = 9CD413C62CC410810002629B /* Project object */;
			proxyType = 1;
			remoteGlobalIDString = 9CD413CD2CC410810002629B;
			remoteInfo = CardGameEndview;
		};
		9CD413E92CC410820002629B /* PBXContainerItemProxy */ = {
			isa = PBXContainerItemProxy;
			containerPortal = 9CD413C62CC410810002629B /* Project object */;
			proxyType = 1;
			remoteGlobalIDString = 9CD413CD2CC410810002629B;
			remoteInfo = CardGameEndview;
		};
/* End PBXContainerItemProxy section */

/* Begin PBXFileReference section */
		9C3326622CD8EDDD008F65A8 /* TextFieldSecure.swift */ = {isa = PBXFileReference; lastKnownFileType = sourcecode.swift; path = TextFieldSecure.swift; sourceTree = "<group>"; };
		9C3326642CD8EF7D008F65A8 /* MainTextTitle.swift */ = {isa = PBXFileReference; lastKnownFileType = sourcecode.swift; path = MainTextTitle.swift; sourceTree = "<group>"; };
		9C3326662CD8F742008F65A8 /* NavigationButton.swift */ = {isa = PBXFileReference; lastKnownFileType = sourcecode.swift; path = NavigationButton.swift; sourceTree = "<group>"; };
		9C3326682CD91BDF008F65A8 /* ButtonGame.swift */ = {isa = PBXFileReference; lastKnownFileType = sourcecode.swift; path = ButtonGame.swift; sourceTree = "<group>"; };
		9C89FF042CCECC5400686E49 /* CardViewBig.swift */ = {isa = PBXFileReference; lastKnownFileType = sourcecode.swift; path = CardViewBig.swift; sourceTree = "<group>"; };
		9C89FF062CCF9D2800686E49 /* CardViewEnemyBig.swift */ = {isa = PBXFileReference; lastKnownFileType = sourcecode.swift; path = CardViewEnemyBig.swift; sourceTree = "<group>"; };
		9CD413CE2CC410810002629B /* CardGameEndview.app */ = {isa = PBXFileReference; explicitFileType = wrapper.application; includeInIndex = 0; path = CardGameEndview.app; sourceTree = BUILT_PRODUCTS_DIR; };
		9CD413D12CC410810002629B /* CardGameEndviewApp.swift */ = {isa = PBXFileReference; lastKnownFileType = sourcecode.swift; path = CardGameEndviewApp.swift; sourceTree = "<group>"; };
		9CD413D52CC410820002629B /* Assets.xcassets */ = {isa = PBXFileReference; lastKnownFileType = folder.assetcatalog; path = Assets.xcassets; sourceTree = "<group>"; };
		9CD413D82CC410820002629B /* Preview Assets.xcassets */ = {isa = PBXFileReference; lastKnownFileType = folder.assetcatalog; path = "Preview Assets.xcassets"; sourceTree = "<group>"; };
		9CD413DE2CC410820002629B /* CardGameEndviewTests.xctest */ = {isa = PBXFileReference; explicitFileType = wrapper.cfbundle; includeInIndex = 0; path = CardGameEndviewTests.xctest; sourceTree = BUILT_PRODUCTS_DIR; };
		9CD413E22CC410820002629B /* CardGameEndviewTests.swift */ = {isa = PBXFileReference; lastKnownFileType = sourcecode.swift; path = CardGameEndviewTests.swift; sourceTree = "<group>"; };
		9CD413E82CC410820002629B /* CardGameEndviewUITests.xctest */ = {isa = PBXFileReference; explicitFileType = wrapper.cfbundle; includeInIndex = 0; path = CardGameEndviewUITests.xctest; sourceTree = BUILT_PRODUCTS_DIR; };
		9CD413EC2CC410820002629B /* CardGameEndviewUITests.swift */ = {isa = PBXFileReference; lastKnownFileType = sourcecode.swift; path = CardGameEndviewUITests.swift; sourceTree = "<group>"; };
		9CD413EE2CC410820002629B /* CardGameEndviewUITestsLaunchTests.swift */ = {isa = PBXFileReference; lastKnownFileType = sourcecode.swift; path = CardGameEndviewUITestsLaunchTests.swift; sourceTree = "<group>"; };
		9CD413FE2CC4119D0002629B /* Card.swift */ = {isa = PBXFileReference; lastKnownFileType = sourcecode.swift; path = Card.swift; sourceTree = "<group>"; };
		9CD414002CC415580002629B /* LoginView.swift */ = {isa = PBXFileReference; lastKnownFileType = sourcecode.swift; path = LoginView.swift; sourceTree = "<group>"; };
		9CD414022CC418370002629B /* GameView.swift */ = {isa = PBXFileReference; lastKnownFileType = sourcecode.swift; path = GameView.swift; sourceTree = "<group>"; };
		9CD414042CC418540002629B /* LoggedInView.swift */ = {isa = PBXFileReference; lastKnownFileType = sourcecode.swift; path = LoggedInView.swift; sourceTree = "<group>"; };
		9CD4143E2CC5A7760002629B /* CardDeck.swift */ = {isa = PBXFileReference; lastKnownFileType = sourcecode.swift; path = CardDeck.swift; sourceTree = "<group>"; };
		9CD414402CC5A8030002629B /* Game.swift */ = {isa = PBXFileReference; lastKnownFileType = sourcecode.swift; path = Game.swift; sourceTree = "<group>"; };
		9CD414452CC654070002629B /* CardView.swift */ = {isa = PBXFileReference; lastKnownFileType = sourcecode.swift; path = CardView.swift; sourceTree = "<group>"; };
		9CD6C71C2CD24FAF0034633A /* DbConnection.swift */ = {isa = PBXFileReference; lastKnownFileType = sourcecode.swift; path = DbConnection.swift; sourceTree = "<group>"; };
		9CD6C7202CD25BA90034633A /* ContentView.swift */ = {isa = PBXFileReference; lastKnownFileType = sourcecode.swift; path = ContentView.swift; sourceTree = "<group>"; };
		9CD6C7222CD29FFA0034633A /* RegisterView.swift */ = {isa = PBXFileReference; lastKnownFileType = sourcecode.swift; path = RegisterView.swift; sourceTree = "<group>"; };
		9CD6C7242CD2A66F0034633A /* PlayerCard.swift */ = {isa = PBXFileReference; lastKnownFileType = sourcecode.swift; path = PlayerCard.swift; sourceTree = "<group>"; };
		9CD6C7262CD2ABDE0034633A /* HighscoreView.swift */ = {isa = PBXFileReference; lastKnownFileType = sourcecode.swift; path = HighscoreView.swift; sourceTree = "<group>"; };
		9CD6C7282CD2B0C50034633A /* PlayerData.swift */ = {isa = PBXFileReference; lastKnownFileType = sourcecode.swift; path = PlayerData.swift; sourceTree = "<group>"; };
		9CD6C72A2CD38AFB0034633A /* OnlineGame.swift */ = {isa = PBXFileReference; lastKnownFileType = sourcecode.swift; path = OnlineGame.swift; sourceTree = "<group>"; };
		9CDFAAE92CD15BE500449625 /* CardViewEnemy.swift */ = {isa = PBXFileReference; lastKnownFileType = sourcecode.swift; path = CardViewEnemy.swift; sourceTree = "<group>"; };
		9CDFAAEB2CD1A55600449625 /* GoogleService-Info.plist */ = {isa = PBXFileReference; fileEncoding = 4; lastKnownFileType = text.plist.xml; path = "GoogleService-Info.plist"; sourceTree = "<group>"; };
		9CE44AFB2CD832AC000941C3 /* ButtonMainMenu.swift */ = {isa = PBXFileReference; lastKnownFileType = sourcecode.swift; path = ButtonMainMenu.swift; sourceTree = "<group>"; };
		9CE44AFF2CD8E7B2000941C3 /* Background.swift */ = {isa = PBXFileReference; lastKnownFileType = sourcecode.swift; path = Background.swift; sourceTree = "<group>"; };
		9CE44B012CD8E8FB000941C3 /* TextFieldNormal.swift */ = {isa = PBXFileReference; lastKnownFileType = sourcecode.swift; path = TextFieldNormal.swift; sourceTree = "<group>"; };
/* End PBXFileReference section */

/* Begin PBXFrameworksBuildPhase section */
		9CD413CB2CC410810002629B /* Frameworks */ = {
			isa = PBXFrameworksBuildPhase;
			buildActionMask = 2147483647;
			files = (
				9CDFAAEF2CD1A66B00449625 /* FirebaseAuth in Frameworks */,
				9CDFAAF52CD1A66B00449625 /* FirebaseFirestoreCombine-Community in Frameworks */,
				9CDFAAF12CD1A66B00449625 /* FirebaseAuthCombine-Community in Frameworks */,
				9CDFAAF72CD1A66B00449625 /* FirebaseStorage in Frameworks */,
				9CDFAAF92CD1A66B00449625 /* FirebaseStorageCombine-Community in Frameworks */,
				9CDFAAF32CD1A66B00449625 /* FirebaseFirestore in Frameworks */,
			);
			runOnlyForDeploymentPostprocessing = 0;
		};
		9CD413DB2CC410820002629B /* Frameworks */ = {
			isa = PBXFrameworksBuildPhase;
			buildActionMask = 2147483647;
			files = (
			);
			runOnlyForDeploymentPostprocessing = 0;
		};
		9CD413E52CC410820002629B /* Frameworks */ = {
			isa = PBXFrameworksBuildPhase;
			buildActionMask = 2147483647;
			files = (
			);
			runOnlyForDeploymentPostprocessing = 0;
		};
/* End PBXFrameworksBuildPhase section */

/* Begin PBXGroup section */
		9CD413C52CC410810002629B = {
			isa = PBXGroup;
			children = (
				9CD413D02CC410810002629B /* CardGameEndview */,
				9CD413E12CC410820002629B /* CardGameEndviewTests */,
				9CD413EB2CC410820002629B /* CardGameEndviewUITests */,
				9CD413CF2CC410810002629B /* Products */,
			);
			sourceTree = "<group>";
		};
		9CD413CF2CC410810002629B /* Products */ = {
			isa = PBXGroup;
			children = (
				9CD413CE2CC410810002629B /* CardGameEndview.app */,
				9CD413DE2CC410820002629B /* CardGameEndviewTests.xctest */,
				9CD413E82CC410820002629B /* CardGameEndviewUITests.xctest */,
			);
			name = Products;
			sourceTree = "<group>";
		};
		9CD413D02CC410810002629B /* CardGameEndview */ = {
			isa = PBXGroup;
			children = (
				9CDFAAEB2CD1A55600449625 /* GoogleService-Info.plist */,
				9CD413FB2CC410A60002629B /* Model */,
				9CD413FC2CC410AD0002629B /* View */,
				9CD413FD2CC410B60002629B /* ViewModel */,
				9CD413D12CC410810002629B /* CardGameEndviewApp.swift */,
				9CD413D52CC410820002629B /* Assets.xcassets */,
				9CD413D72CC410820002629B /* Preview Content */,
			);
			path = CardGameEndview;
			sourceTree = "<group>";
		};
		9CD413D72CC410820002629B /* Preview Content */ = {
			isa = PBXGroup;
			children = (
				9CD413D82CC410820002629B /* Preview Assets.xcassets */,
			);
			path = "Preview Content";
			sourceTree = "<group>";
		};
		9CD413E12CC410820002629B /* CardGameEndviewTests */ = {
			isa = PBXGroup;
			children = (
				9CD413E22CC410820002629B /* CardGameEndviewTests.swift */,
			);
			path = CardGameEndviewTests;
			sourceTree = "<group>";
		};
		9CD413EB2CC410820002629B /* CardGameEndviewUITests */ = {
			isa = PBXGroup;
			children = (
				9CD413EC2CC410820002629B /* CardGameEndviewUITests.swift */,
				9CD413EE2CC410820002629B /* CardGameEndviewUITestsLaunchTests.swift */,
			);
			path = CardGameEndviewUITests;
			sourceTree = "<group>";
		};
		9CD413FB2CC410A60002629B /* Model */ = {
			isa = PBXGroup;
			children = (
				9CD413FE2CC4119D0002629B /* Card.swift */,
				9CD4143E2CC5A7760002629B /* CardDeck.swift */,
				9CD6C7282CD2B0C50034633A /* PlayerData.swift */,
				9CD6C72A2CD38AFB0034633A /* OnlineGame.swift */,
			);
			path = Model;
			sourceTree = "<group>";
		};
		9CD413FC2CC410AD0002629B /* View */ = {
			isa = PBXGroup;
			children = (
				9CD414442CC653CA0002629B /* Components */,
				9CD6C71E2CD25AC20034633A /* Authenticated */,
				9CD6C71F2CD25AD60034633A /* Unauthenticated */,
				9CD6C7202CD25BA90034633A /* ContentView.swift */,
			);
			path = View;
			sourceTree = "<group>";
		};
		9CD413FD2CC410B60002629B /* ViewModel */ = {
			isa = PBXGroup;
			children = (
				9CD414402CC5A8030002629B /* Game.swift */,
				9CD6C71C2CD24FAF0034633A /* DbConnection.swift */,
			);
			path = ViewModel;
			sourceTree = "<group>";
		};
		9CD414442CC653CA0002629B /* Components */ = {
			isa = PBXGroup;
			children = (
				9CD414452CC654070002629B /* CardView.swift */,
				9C89FF042CCECC5400686E49 /* CardViewBig.swift */,
				9CDFAAE92CD15BE500449625 /* CardViewEnemy.swift */,
				9C89FF062CCF9D2800686E49 /* CardViewEnemyBig.swift */,
				9CD6C7242CD2A66F0034633A /* PlayerCard.swift */,
				9CE44AFB2CD832AC000941C3 /* ButtonMainMenu.swift */,
				9C3326682CD91BDF008F65A8 /* ButtonGame.swift */,
				9CE44AFF2CD8E7B2000941C3 /* Background.swift */,
				9CE44B012CD8E8FB000941C3 /* TextFieldNormal.swift */,
				9C3326622CD8EDDD008F65A8 /* TextFieldSecure.swift */,
				9C3326642CD8EF7D008F65A8 /* MainTextTitle.swift */,
				9C3326662CD8F742008F65A8 /* NavigationButton.swift */,
			);
			path = Components;
			sourceTree = "<group>";
		};
		9CD6C71E2CD25AC20034633A /* Authenticated */ = {
			isa = PBXGroup;
			children = (
				9CD414022CC418370002629B /* GameView.swift */,
				9CD414042CC418540002629B /* LoggedInView.swift */,
				9CD6C7262CD2ABDE0034633A /* HighscoreView.swift */,
			);
			path = Authenticated;
			sourceTree = "<group>";
		};
		9CD6C71F2CD25AD60034633A /* Unauthenticated */ = {
			isa = PBXGroup;
			children = (
				9CD414002CC415580002629B /* LoginView.swift */,
				9CD6C7222CD29FFA0034633A /* RegisterView.swift */,
			);
			path = Unauthenticated;
			sourceTree = "<group>";
		};
/* End PBXGroup section */

/* Begin PBXNativeTarget section */
		9CD413CD2CC410810002629B /* CardGameEndview */ = {
			isa = PBXNativeTarget;
			buildConfigurationList = 9CD413F22CC410820002629B /* Build configuration list for PBXNativeTarget "CardGameEndview" */;
			buildPhases = (
				9CD413CA2CC410810002629B /* Sources */,
				9CD413CB2CC410810002629B /* Frameworks */,
				9CD413CC2CC410810002629B /* Resources */,
			);
			buildRules = (
			);
			dependencies = (
			);
			name = CardGameEndview;
			packageProductDependencies = (
				9CDFAAEE2CD1A66B00449625 /* FirebaseAuth */,
				9CDFAAF02CD1A66B00449625 /* FirebaseAuthCombine-Community */,
				9CDFAAF22CD1A66B00449625 /* FirebaseFirestore */,
				9CDFAAF42CD1A66B00449625 /* FirebaseFirestoreCombine-Community */,
				9CDFAAF62CD1A66B00449625 /* FirebaseStorage */,
				9CDFAAF82CD1A66B00449625 /* FirebaseStorageCombine-Community */,
			);
			productName = CardGameEndview;
			productReference = 9CD413CE2CC410810002629B /* CardGameEndview.app */;
			productType = "com.apple.product-type.application";
		};
		9CD413DD2CC410820002629B /* CardGameEndviewTests */ = {
			isa = PBXNativeTarget;
			buildConfigurationList = 9CD413F52CC410820002629B /* Build configuration list for PBXNativeTarget "CardGameEndviewTests" */;
			buildPhases = (
				9CD413DA2CC410820002629B /* Sources */,
				9CD413DB2CC410820002629B /* Frameworks */,
				9CD413DC2CC410820002629B /* Resources */,
			);
			buildRules = (
			);
			dependencies = (
				9CD413E02CC410820002629B /* PBXTargetDependency */,
			);
			name = CardGameEndviewTests;
			productName = CardGameEndviewTests;
			productReference = 9CD413DE2CC410820002629B /* CardGameEndviewTests.xctest */;
			productType = "com.apple.product-type.bundle.unit-test";
		};
		9CD413E72CC410820002629B /* CardGameEndviewUITests */ = {
			isa = PBXNativeTarget;
			buildConfigurationList = 9CD413F82CC410820002629B /* Build configuration list for PBXNativeTarget "CardGameEndviewUITests" */;
			buildPhases = (
				9CD413E42CC410820002629B /* Sources */,
				9CD413E52CC410820002629B /* Frameworks */,
				9CD413E62CC410820002629B /* Resources */,
			);
			buildRules = (
			);
			dependencies = (
				9CD413EA2CC410820002629B /* PBXTargetDependency */,
			);
			name = CardGameEndviewUITests;
			productName = CardGameEndviewUITests;
			productReference = 9CD413E82CC410820002629B /* CardGameEndviewUITests.xctest */;
			productType = "com.apple.product-type.bundle.ui-testing";
		};
/* End PBXNativeTarget section */

/* Begin PBXProject section */
		9CD413C62CC410810002629B /* Project object */ = {
			isa = PBXProject;
			attributes = {
				BuildIndependentTargetsInParallel = 1;
				LastSwiftUpdateCheck = 1540;
				LastUpgradeCheck = 1540;
				TargetAttributes = {
					9CD413CD2CC410810002629B = {
						CreatedOnToolsVersion = 15.4;
					};
					9CD413DD2CC410820002629B = {
						CreatedOnToolsVersion = 15.4;
						TestTargetID = 9CD413CD2CC410810002629B;
					};
					9CD413E72CC410820002629B = {
						CreatedOnToolsVersion = 15.4;
						TestTargetID = 9CD413CD2CC410810002629B;
					};
				};
			};
			buildConfigurationList = 9CD413C92CC410810002629B /* Build configuration list for PBXProject "CardGameEndview" */;
			compatibilityVersion = "Xcode 14.0";
			developmentRegion = en;
			hasScannedForEncodings = 0;
			knownRegions = (
				en,
				Base,
			);
			mainGroup = 9CD413C52CC410810002629B;
			packageReferences = (
				9CDFAAED2CD1A66B00449625 /* XCRemoteSwiftPackageReference "firebase-ios-sdk" */,
			);
			productRefGroup = 9CD413CF2CC410810002629B /* Products */;
			projectDirPath = "";
			projectRoot = "";
			targets = (
				9CD413CD2CC410810002629B /* CardGameEndview */,
				9CD413DD2CC410820002629B /* CardGameEndviewTests */,
				9CD413E72CC410820002629B /* CardGameEndviewUITests */,
			);
		};
/* End PBXProject section */

/* Begin PBXResourcesBuildPhase section */
		9CD413CC2CC410810002629B /* Resources */ = {
			isa = PBXResourcesBuildPhase;
			buildActionMask = 2147483647;
			files = (
				9CD413D92CC410820002629B /* Preview Assets.xcassets in Resources */,
				9CD413D62CC410820002629B /* Assets.xcassets in Resources */,
				9CDFAAEC2CD1A55600449625 /* GoogleService-Info.plist in Resources */,
			);
			runOnlyForDeploymentPostprocessing = 0;
		};
		9CD413DC2CC410820002629B /* Resources */ = {
			isa = PBXResourcesBuildPhase;
			buildActionMask = 2147483647;
			files = (
			);
			runOnlyForDeploymentPostprocessing = 0;
		};
		9CD413E62CC410820002629B /* Resources */ = {
			isa = PBXResourcesBuildPhase;
			buildActionMask = 2147483647;
			files = (
			);
			runOnlyForDeploymentPostprocessing = 0;
		};
/* End PBXResourcesBuildPhase section */

/* Begin PBXSourcesBuildPhase section */
		9CD413CA2CC410810002629B /* Sources */ = {
			isa = PBXSourcesBuildPhase;
			buildActionMask = 2147483647;
			files = (
				9C3326632CD8EDDD008F65A8 /* TextFieldSecure.swift in Sources */,
				9C3326652CD8EF7D008F65A8 /* MainTextTitle.swift in Sources */,
				9C3326692CD91BDF008F65A8 /* ButtonGame.swift in Sources */,
				9CD6C71D2CD24FAF0034633A /* DbConnection.swift in Sources */,
				9CDFAAEA2CD15BE500449625 /* CardViewEnemy.swift in Sources */,
				9CD6C7252CD2A66F0034633A /* PlayerCard.swift in Sources */,
				9C3326672CD8F742008F65A8 /* NavigationButton.swift in Sources */,
				9CE44B022CD8E8FB000941C3 /* TextFieldNormal.swift in Sources */,
				9C89FF052CCECC5400686E49 /* CardViewBig.swift in Sources */,
				9CE44AFC2CD832AC000941C3 /* ButtonMainMenu.swift in Sources */,
				9CD414052CC418540002629B /* LoggedInView.swift in Sources */,
				9CD413FF2CC4119D0002629B /* Card.swift in Sources */,
				9CD6C7292CD2B0C50034633A /* PlayerData.swift in Sources */,
				9CD414462CC654070002629B /* CardView.swift in Sources */,
				9CD414012CC415580002629B /* LoginView.swift in Sources */,
				9CD4143F2CC5A7760002629B /* CardDeck.swift in Sources */,
				9CD413D22CC410810002629B /* CardGameEndviewApp.swift in Sources */,
				9CD6C7212CD25BA90034633A /* ContentView.swift in Sources */,
				9CD6C72B2CD38AFB0034633A /* OnlineGame.swift in Sources */,
				9CD6C7272CD2ABDE0034633A /* HighscoreView.swift in Sources */,
				9CD414032CC418370002629B /* GameView.swift in Sources */,
				9CD6C7232CD29FFA0034633A /* RegisterView.swift in Sources */,
				9CD414412CC5A8030002629B /* Game.swift in Sources */,
				9C89FF072CCF9D2800686E49 /* CardViewEnemyBig.swift in Sources */,
				9CE44B002CD8E7B2000941C3 /* Background.swift in Sources */,
			);
			runOnlyForDeploymentPostprocessing = 0;
		};
		9CD413DA2CC410820002629B /* Sources */ = {
			isa = PBXSourcesBuildPhase;
			buildActionMask = 2147483647;
			files = (
				9CD413E32CC410820002629B /* CardGameEndviewTests.swift in Sources */,
			);
			runOnlyForDeploymentPostprocessing = 0;
		};
		9CD413E42CC410820002629B /* Sources */ = {
			isa = PBXSourcesBuildPhase;
			buildActionMask = 2147483647;
			files = (
				9CD413ED2CC410820002629B /* CardGameEndviewUITests.swift in Sources */,
				9CD413EF2CC410820002629B /* CardGameEndviewUITestsLaunchTests.swift in Sources */,
			);
			runOnlyForDeploymentPostprocessing = 0;
		};
/* End PBXSourcesBuildPhase section */

/* Begin PBXTargetDependency section */
		9CD413E02CC410820002629B /* PBXTargetDependency */ = {
			isa = PBXTargetDependency;
			target = 9CD413CD2CC410810002629B /* CardGameEndview */;
			targetProxy = 9CD413DF2CC410820002629B /* PBXContainerItemProxy */;
		};
		9CD413EA2CC410820002629B /* PBXTargetDependency */ = {
			isa = PBXTargetDependency;
			target = 9CD413CD2CC410810002629B /* CardGameEndview */;
			targetProxy = 9CD413E92CC410820002629B /* PBXContainerItemProxy */;
		};
/* End PBXTargetDependency section */

/* Begin XCBuildConfiguration section */
		9CD413F02CC410820002629B /* Debug */ = {
			isa = XCBuildConfiguration;
			buildSettings = {
				ALWAYS_SEARCH_USER_PATHS = NO;
				ASSETCATALOG_COMPILER_GENERATE_SWIFT_ASSET_SYMBOL_EXTENSIONS = YES;
				CLANG_ANALYZER_NONNULL = YES;
				CLANG_ANALYZER_NUMBER_OBJECT_CONVERSION = YES_AGGRESSIVE;
				CLANG_CXX_LANGUAGE_STANDARD = "gnu++20";
				CLANG_ENABLE_MODULES = YES;
				CLANG_ENABLE_OBJC_ARC = YES;
				CLANG_ENABLE_OBJC_WEAK = YES;
				CLANG_WARN_BLOCK_CAPTURE_AUTORELEASING = YES;
				CLANG_WARN_BOOL_CONVERSION = YES;
				CLANG_WARN_COMMA = YES;
				CLANG_WARN_CONSTANT_CONVERSION = YES;
				CLANG_WARN_DEPRECATED_OBJC_IMPLEMENTATIONS = YES;
				CLANG_WARN_DIRECT_OBJC_ISA_USAGE = YES_ERROR;
				CLANG_WARN_DOCUMENTATION_COMMENTS = YES;
				CLANG_WARN_EMPTY_BODY = YES;
				CLANG_WARN_ENUM_CONVERSION = YES;
				CLANG_WARN_INFINITE_RECURSION = YES;
				CLANG_WARN_INT_CONVERSION = YES;
				CLANG_WARN_NON_LITERAL_NULL_CONVERSION = YES;
				CLANG_WARN_OBJC_IMPLICIT_RETAIN_SELF = YES;
				CLANG_WARN_OBJC_LITERAL_CONVERSION = YES;
				CLANG_WARN_OBJC_ROOT_CLASS = YES_ERROR;
				CLANG_WARN_QUOTED_INCLUDE_IN_FRAMEWORK_HEADER = YES;
				CLANG_WARN_RANGE_LOOP_ANALYSIS = YES;
				CLANG_WARN_STRICT_PROTOTYPES = YES;
				CLANG_WARN_SUSPICIOUS_MOVE = YES;
				CLANG_WARN_UNGUARDED_AVAILABILITY = YES_AGGRESSIVE;
				CLANG_WARN_UNREACHABLE_CODE = YES;
				CLANG_WARN__DUPLICATE_METHOD_MATCH = YES;
				COPY_PHASE_STRIP = NO;
				DEBUG_INFORMATION_FORMAT = dwarf;
				ENABLE_STRICT_OBJC_MSGSEND = YES;
				ENABLE_TESTABILITY = YES;
				ENABLE_USER_SCRIPT_SANDBOXING = YES;
				GCC_C_LANGUAGE_STANDARD = gnu17;
				GCC_DYNAMIC_NO_PIC = NO;
				GCC_NO_COMMON_BLOCKS = YES;
				GCC_OPTIMIZATION_LEVEL = 0;
				GCC_PREPROCESSOR_DEFINITIONS = (
					"DEBUG=1",
					"$(inherited)",
				);
				GCC_WARN_64_TO_32_BIT_CONVERSION = YES;
				GCC_WARN_ABOUT_RETURN_TYPE = YES_ERROR;
				GCC_WARN_UNDECLARED_SELECTOR = YES;
				GCC_WARN_UNINITIALIZED_AUTOS = YES_AGGRESSIVE;
				GCC_WARN_UNUSED_FUNCTION = YES;
				GCC_WARN_UNUSED_VARIABLE = YES;
				IPHONEOS_DEPLOYMENT_TARGET = 17.5;
				LOCALIZATION_PREFERS_STRING_CATALOGS = YES;
				MTL_ENABLE_DEBUG_INFO = INCLUDE_SOURCE;
				MTL_FAST_MATH = YES;
				ONLY_ACTIVE_ARCH = YES;
				SDKROOT = iphoneos;
				SWIFT_ACTIVE_COMPILATION_CONDITIONS = "DEBUG $(inherited)";
				SWIFT_OPTIMIZATION_LEVEL = "-Onone";
			};
			name = Debug;
		};
		9CD413F12CC410820002629B /* Release */ = {
			isa = XCBuildConfiguration;
			buildSettings = {
				ALWAYS_SEARCH_USER_PATHS = NO;
				ASSETCATALOG_COMPILER_GENERATE_SWIFT_ASSET_SYMBOL_EXTENSIONS = YES;
				CLANG_ANALYZER_NONNULL = YES;
				CLANG_ANALYZER_NUMBER_OBJECT_CONVERSION = YES_AGGRESSIVE;
				CLANG_CXX_LANGUAGE_STANDARD = "gnu++20";
				CLANG_ENABLE_MODULES = YES;
				CLANG_ENABLE_OBJC_ARC = YES;
				CLANG_ENABLE_OBJC_WEAK = YES;
				CLANG_WARN_BLOCK_CAPTURE_AUTORELEASING = YES;
				CLANG_WARN_BOOL_CONVERSION = YES;
				CLANG_WARN_COMMA = YES;
				CLANG_WARN_CONSTANT_CONVERSION = YES;
				CLANG_WARN_DEPRECATED_OBJC_IMPLEMENTATIONS = YES;
				CLANG_WARN_DIRECT_OBJC_ISA_USAGE = YES_ERROR;
				CLANG_WARN_DOCUMENTATION_COMMENTS = YES;
				CLANG_WARN_EMPTY_BODY = YES;
				CLANG_WARN_ENUM_CONVERSION = YES;
				CLANG_WARN_INFINITE_RECURSION = YES;
				CLANG_WARN_INT_CONVERSION = YES;
				CLANG_WARN_NON_LITERAL_NULL_CONVERSION = YES;
				CLANG_WARN_OBJC_IMPLICIT_RETAIN_SELF = YES;
				CLANG_WARN_OBJC_LITERAL_CONVERSION = YES;
				CLANG_WARN_OBJC_ROOT_CLASS = YES_ERROR;
				CLANG_WARN_QUOTED_INCLUDE_IN_FRAMEWORK_HEADER = YES;
				CLANG_WARN_RANGE_LOOP_ANALYSIS = YES;
				CLANG_WARN_STRICT_PROTOTYPES = YES;
				CLANG_WARN_SUSPICIOUS_MOVE = YES;
				CLANG_WARN_UNGUARDED_AVAILABILITY = YES_AGGRESSIVE;
				CLANG_WARN_UNREACHABLE_CODE = YES;
				CLANG_WARN__DUPLICATE_METHOD_MATCH = YES;
				COPY_PHASE_STRIP = NO;
				DEBUG_INFORMATION_FORMAT = "dwarf-with-dsym";
				ENABLE_NS_ASSERTIONS = NO;
				ENABLE_STRICT_OBJC_MSGSEND = YES;
				ENABLE_USER_SCRIPT_SANDBOXING = YES;
				GCC_C_LANGUAGE_STANDARD = gnu17;
				GCC_NO_COMMON_BLOCKS = YES;
				GCC_WARN_64_TO_32_BIT_CONVERSION = YES;
				GCC_WARN_ABOUT_RETURN_TYPE = YES_ERROR;
				GCC_WARN_UNDECLARED_SELECTOR = YES;
				GCC_WARN_UNINITIALIZED_AUTOS = YES_AGGRESSIVE;
				GCC_WARN_UNUSED_FUNCTION = YES;
				GCC_WARN_UNUSED_VARIABLE = YES;
				IPHONEOS_DEPLOYMENT_TARGET = 17.5;
				LOCALIZATION_PREFERS_STRING_CATALOGS = YES;
				MTL_ENABLE_DEBUG_INFO = NO;
				MTL_FAST_MATH = YES;
				SDKROOT = iphoneos;
				SWIFT_COMPILATION_MODE = wholemodule;
				VALIDATE_PRODUCT = YES;
			};
			name = Release;
		};
		9CD413F32CC410820002629B /* Debug */ = {
			isa = XCBuildConfiguration;
			buildSettings = {
				ASSETCATALOG_COMPILER_APPICON_NAME = AppIcon;
				ASSETCATALOG_COMPILER_GLOBAL_ACCENT_COLOR_NAME = AccentColor;
				CODE_SIGN_STYLE = Automatic;
				CURRENT_PROJECT_VERSION = 1;
				DEVELOPMENT_ASSET_PATHS = "\"CardGameEndview/Preview Content\"";
				DEVELOPMENT_TEAM = PRNZ555UFU;
				ENABLE_PREVIEWS = YES;
				GENERATE_INFOPLIST_FILE = YES;
				INFOPLIST_KEY_UIApplicationSceneManifest_Generation = YES;
				INFOPLIST_KEY_UIApplicationSupportsIndirectInputEvents = YES;
				INFOPLIST_KEY_UILaunchScreen_Generation = YES;
				INFOPLIST_KEY_UISupportedInterfaceOrientations_iPad = "UIInterfaceOrientationPortrait UIInterfaceOrientationPortraitUpsideDown UIInterfaceOrientationLandscapeLeft UIInterfaceOrientationLandscapeRight";
				INFOPLIST_KEY_UISupportedInterfaceOrientations_iPhone = "UIInterfaceOrientationPortrait UIInterfaceOrientationLandscapeLeft UIInterfaceOrientationLandscapeRight";
				LD_RUNPATH_SEARCH_PATHS = (
					"$(inherited)",
					"@executable_path/Frameworks",
				);
				MARKETING_VERSION = 1.0;
				PRODUCT_BUNDLE_IDENTIFIER = com.michihidesugito.CardGameEndview;
				PRODUCT_NAME = "$(TARGET_NAME)";
				SWIFT_EMIT_LOC_STRINGS = YES;
				SWIFT_VERSION = 5.0;
				TARGETED_DEVICE_FAMILY = "1,2";
			};
			name = Debug;
		};
		9CD413F42CC410820002629B /* Release */ = {
			isa = XCBuildConfiguration;
			buildSettings = {
				ASSETCATALOG_COMPILER_APPICON_NAME = AppIcon;
				ASSETCATALOG_COMPILER_GLOBAL_ACCENT_COLOR_NAME = AccentColor;
				CODE_SIGN_STYLE = Automatic;
				CURRENT_PROJECT_VERSION = 1;
				DEVELOPMENT_ASSET_PATHS = "\"CardGameEndview/Preview Content\"";
				DEVELOPMENT_TEAM = PRNZ555UFU;
				ENABLE_PREVIEWS = YES;
				GENERATE_INFOPLIST_FILE = YES;
				INFOPLIST_KEY_UIApplicationSceneManifest_Generation = YES;
				INFOPLIST_KEY_UIApplicationSupportsIndirectInputEvents = YES;
				INFOPLIST_KEY_UILaunchScreen_Generation = YES;
				INFOPLIST_KEY_UISupportedInterfaceOrientations_iPad = "UIInterfaceOrientationPortrait UIInterfaceOrientationPortraitUpsideDown UIInterfaceOrientationLandscapeLeft UIInterfaceOrientationLandscapeRight";
				INFOPLIST_KEY_UISupportedInterfaceOrientations_iPhone = "UIInterfaceOrientationPortrait UIInterfaceOrientationLandscapeLeft UIInterfaceOrientationLandscapeRight";
				LD_RUNPATH_SEARCH_PATHS = (
					"$(inherited)",
					"@executable_path/Frameworks",
				);
				MARKETING_VERSION = 1.0;
				PRODUCT_BUNDLE_IDENTIFIER = com.michihidesugito.CardGameEndview;
				PRODUCT_NAME = "$(TARGET_NAME)";
				SWIFT_EMIT_LOC_STRINGS = YES;
				SWIFT_VERSION = 5.0;
				TARGETED_DEVICE_FAMILY = "1,2";
			};
			name = Release;
		};
		9CD413F62CC410820002629B /* Debug */ = {
			isa = XCBuildConfiguration;
			buildSettings = {
				ALWAYS_EMBED_SWIFT_STANDARD_LIBRARIES = YES;
				BUNDLE_LOADER = "$(TEST_HOST)";
				CODE_SIGN_STYLE = Automatic;
				CURRENT_PROJECT_VERSION = 1;
				DEVELOPMENT_TEAM = PRNZ555UFU;
				GENERATE_INFOPLIST_FILE = YES;
				IPHONEOS_DEPLOYMENT_TARGET = 17.5;
				MARKETING_VERSION = 1.0;
				PRODUCT_BUNDLE_IDENTIFIER = com.michihidesugito.CardGameEndviewTests;
				PRODUCT_NAME = "$(TARGET_NAME)";
				SWIFT_EMIT_LOC_STRINGS = NO;
				SWIFT_VERSION = 5.0;
				TARGETED_DEVICE_FAMILY = "1,2";
				TEST_HOST = "$(BUILT_PRODUCTS_DIR)/CardGameEndview.app/$(BUNDLE_EXECUTABLE_FOLDER_PATH)/CardGameEndview";
			};
			name = Debug;
		};
		9CD413F72CC410820002629B /* Release */ = {
			isa = XCBuildConfiguration;
			buildSettings = {
				ALWAYS_EMBED_SWIFT_STANDARD_LIBRARIES = YES;
				BUNDLE_LOADER = "$(TEST_HOST)";
				CODE_SIGN_STYLE = Automatic;
				CURRENT_PROJECT_VERSION = 1;
				DEVELOPMENT_TEAM = PRNZ555UFU;
				GENERATE_INFOPLIST_FILE = YES;
				IPHONEOS_DEPLOYMENT_TARGET = 17.5;
				MARKETING_VERSION = 1.0;
				PRODUCT_BUNDLE_IDENTIFIER = com.michihidesugito.CardGameEndviewTests;
				PRODUCT_NAME = "$(TARGET_NAME)";
				SWIFT_EMIT_LOC_STRINGS = NO;
				SWIFT_VERSION = 5.0;
				TARGETED_DEVICE_FAMILY = "1,2";
				TEST_HOST = "$(BUILT_PRODUCTS_DIR)/CardGameEndview.app/$(BUNDLE_EXECUTABLE_FOLDER_PATH)/CardGameEndview";
			};
			name = Release;
		};
		9CD413F92CC410820002629B /* Debug */ = {
			isa = XCBuildConfiguration;
			buildSettings = {
				ALWAYS_EMBED_SWIFT_STANDARD_LIBRARIES = YES;
				CODE_SIGN_STYLE = Automatic;
				CURRENT_PROJECT_VERSION = 1;
				DEVELOPMENT_TEAM = PRNZ555UFU;
				GENERATE_INFOPLIST_FILE = YES;
				MARKETING_VERSION = 1.0;
				PRODUCT_BUNDLE_IDENTIFIER = com.michihidesugito.CardGameEndviewUITests;
				PRODUCT_NAME = "$(TARGET_NAME)";
				SWIFT_EMIT_LOC_STRINGS = NO;
				SWIFT_VERSION = 5.0;
				TARGETED_DEVICE_FAMILY = "1,2";
				TEST_TARGET_NAME = CardGameEndview;
			};
			name = Debug;
		};
		9CD413FA2CC410820002629B /* Release */ = {
			isa = XCBuildConfiguration;
			buildSettings = {
				ALWAYS_EMBED_SWIFT_STANDARD_LIBRARIES = YES;
				CODE_SIGN_STYLE = Automatic;
				CURRENT_PROJECT_VERSION = 1;
				DEVELOPMENT_TEAM = PRNZ555UFU;
				GENERATE_INFOPLIST_FILE = YES;
				MARKETING_VERSION = 1.0;
				PRODUCT_BUNDLE_IDENTIFIER = com.michihidesugito.CardGameEndviewUITests;
				PRODUCT_NAME = "$(TARGET_NAME)";
				SWIFT_EMIT_LOC_STRINGS = NO;
				SWIFT_VERSION = 5.0;
				TARGETED_DEVICE_FAMILY = "1,2";
				TEST_TARGET_NAME = CardGameEndview;
			};
			name = Release;
		};
/* End XCBuildConfiguration section */

/* Begin XCConfigurationList section */
		9CD413C92CC410810002629B /* Build configuration list for PBXProject "CardGameEndview" */ = {
			isa = XCConfigurationList;
			buildConfigurations = (
				9CD413F02CC410820002629B /* Debug */,
				9CD413F12CC410820002629B /* Release */,
			);
			defaultConfigurationIsVisible = 0;
			defaultConfigurationName = Release;
		};
		9CD413F22CC410820002629B /* Build configuration list for PBXNativeTarget "CardGameEndview" */ = {
			isa = XCConfigurationList;
			buildConfigurations = (
				9CD413F32CC410820002629B /* Debug */,
				9CD413F42CC410820002629B /* Release */,
			);
			defaultConfigurationIsVisible = 0;
			defaultConfigurationName = Release;
		};
		9CD413F52CC410820002629B /* Build configuration list for PBXNativeTarget "CardGameEndviewTests" */ = {
			isa = XCConfigurationList;
			buildConfigurations = (
				9CD413F62CC410820002629B /* Debug */,
				9CD413F72CC410820002629B /* Release */,
			);
			defaultConfigurationIsVisible = 0;
			defaultConfigurationName = Release;
		};
		9CD413F82CC410820002629B /* Build configuration list for PBXNativeTarget "CardGameEndviewUITests" */ = {
			isa = XCConfigurationList;
			buildConfigurations = (
				9CD413F92CC410820002629B /* Debug */,
				9CD413FA2CC410820002629B /* Release */,
			);
			defaultConfigurationIsVisible = 0;
			defaultConfigurationName = Release;
		};
/* End XCConfigurationList section */

/* Begin XCRemoteSwiftPackageReference section */
		9CDFAAED2CD1A66B00449625 /* XCRemoteSwiftPackageReference "firebase-ios-sdk" */ = {
			isa = XCRemoteSwiftPackageReference;
			repositoryURL = "https://github.com/firebase/firebase-ios-sdk";
			requirement = {
				kind = upToNextMajorVersion;
				minimumVersion = 11.4.0;
			};
		};
/* End XCRemoteSwiftPackageReference section */

/* Begin XCSwiftPackageProductDependency section */
		9CDFAAEE2CD1A66B00449625 /* FirebaseAuth */ = {
			isa = XCSwiftPackageProductDependency;
			package = 9CDFAAED2CD1A66B00449625 /* XCRemoteSwiftPackageReference "firebase-ios-sdk" */;
			productName = FirebaseAuth;
		};
		9CDFAAF02CD1A66B00449625 /* FirebaseAuthCombine-Community */ = {
			isa = XCSwiftPackageProductDependency;
			package = 9CDFAAED2CD1A66B00449625 /* XCRemoteSwiftPackageReference "firebase-ios-sdk" */;
			productName = "FirebaseAuthCombine-Community";
		};
		9CDFAAF22CD1A66B00449625 /* FirebaseFirestore */ = {
			isa = XCSwiftPackageProductDependency;
			package = 9CDFAAED2CD1A66B00449625 /* XCRemoteSwiftPackageReference "firebase-ios-sdk" */;
			productName = FirebaseFirestore;
		};
		9CDFAAF42CD1A66B00449625 /* FirebaseFirestoreCombine-Community */ = {
			isa = XCSwiftPackageProductDependency;
			package = 9CDFAAED2CD1A66B00449625 /* XCRemoteSwiftPackageReference "firebase-ios-sdk" */;
			productName = "FirebaseFirestoreCombine-Community";
		};
		9CDFAAF62CD1A66B00449625 /* FirebaseStorage */ = {
			isa = XCSwiftPackageProductDependency;
			package = 9CDFAAED2CD1A66B00449625 /* XCRemoteSwiftPackageReference "firebase-ios-sdk" */;
			productName = FirebaseStorage;
		};
		9CDFAAF82CD1A66B00449625 /* FirebaseStorageCombine-Community */ = {
			isa = XCSwiftPackageProductDependency;
			package = 9CDFAAED2CD1A66B00449625 /* XCRemoteSwiftPackageReference "firebase-ios-sdk" */;
			productName = "FirebaseStorageCombine-Community";
		};
/* End XCSwiftPackageProductDependency section */
	};
	rootObject = 9CD413C62CC410810002629B /* Project object */;
}
